<?xml version="1.0" encoding="utf-8"?>
<Project ToolsVersion="4.0" xmlns="http://schemas.microsoft.com/developer/msbuild/2003">
  <ItemGroup>
    <Filter Include="소스 파일">
      <UniqueIdentifier>{4FC737F1-C7A5-4376-A066-2A32D752A2FF}</UniqueIdentifier>
      <Extensions>cpp;c;cc;cxx;c++;cppm;ixx;def;odl;idl;hpj;bat;asm;asmx</Extensions>
    </Filter>
    <Filter Include="헤더 파일">
      <UniqueIdentifier>{93995380-89BD-4b04-88EB-625FBE52EBFB}</UniqueIdentifier>
      <Extensions>h;hh;hpp;hxx;h++;hm;inl;inc;ipp;xsd</Extensions>
    </Filter>
    <Filter Include="리소스 파일">
      <UniqueIdentifier>{67DA6AB6-F800-4c08-8B7A-83BB121AAD01}</UniqueIdentifier>
      <Extensions>rc;ico;cur;bmp;dlg;rc2;rct;bin;rgs;gif;jpg;jpeg;jpe;resx;tiff;tif;png;wav;mfcribbon-ms</Extensions>
    </Filter>
  </ItemGroup>
  <ItemGroup>
    <ClInclude Include="Array.h">
      <Filter>헤더 파일</Filter>
    </ClInclude>
    <ClInclude Include="BackSpaceKeyAction.h">
      <Filter>헤더 파일</Filter>
    </ClInclude>
    <ClInclude Include="BackSpaceKeyActionCommand.h">
      <Filter>헤더 파일</Filter>
    </ClInclude>
    <ClInclude Include="Caret.h">
      <Filter>헤더 파일</Filter>
    </ClInclude>
    <ClInclude Include="CaretController.h">
      <Filter>헤더 파일</Filter>
    </ClInclude>
    <ClInclude Include="Clipboard.h">
      <Filter>헤더 파일</Filter>
    </ClInclude>
    <ClInclude Include="Command.h">
      <Filter>헤더 파일</Filter>
    </ClInclude>
    <ClInclude Include="CommandCreator.h">
      <Filter>헤더 파일</Filter>
    </ClInclude>
    <ClInclude Include="CommandHistory.h">
      <Filter>헤더 파일</Filter>
    </ClInclude>
    <ClInclude Include="Composite.h">
      <Filter>헤더 파일</Filter>
    </ClInclude>
    <ClInclude Include="CopyCommand.h">
      <Filter>헤더 파일</Filter>
    </ClInclude>
    <ClInclude Include="CtrlAKeyAction.h">
      <Filter>헤더 파일</Filter>
    </ClInclude>
    <ClInclude Include="CtrlBackSpaceKeyAction.h">
      <Filter>헤더 파일</Filter>
    </ClInclude>
    <ClInclude Include="CtrlBackSpaceKeyActionCommand.h">
      <Filter>헤더 파일</Filter>
    </ClInclude>
    <ClInclude Include="CtrlCKeyAction.h">
      <Filter>헤더 파일</Filter>
    </ClInclude>
    <ClInclude Include="CtrlDeleteKeyAction.h">
      <Filter>헤더 파일</Filter>
    </ClInclude>
    <ClInclude Include="CtrlDeleteKeyActionCommand.h">
      <Filter>헤더 파일</Filter>
    </ClInclude>
    <ClInclude Include="CtrlEndKeyAction.h">
      <Filter>헤더 파일</Filter>
    </ClInclude>
    <ClInclude Include="CtrlFKeyAction.h">
      <Filter>헤더 파일</Filter>
    </ClInclude>
    <ClInclude Include="CtrlHKeyAction.h">
      <Filter>헤더 파일</Filter>
    </ClInclude>
    <ClInclude Include="CtrlHomeKeyAction.h">
      <Filter>헤더 파일</Filter>
    </ClInclude>
    <ClInclude Include="CtrlLeftArrowKeyAction.h">
      <Filter>헤더 파일</Filter>
    </ClInclude>
    <ClInclude Include="CtrlOKeyAction.h">
      <Filter>헤더 파일</Filter>
    </ClInclude>
    <ClInclude Include="CtrlPKeyAction.h">
      <Filter>헤더 파일</Filter>
    </ClInclude>
    <ClInclude Include="CtrlRightArrowKeyAction.h">
      <Filter>헤더 파일</Filter>
    </ClInclude>
    <ClInclude Include="CtrlShiftSKeyAction.h">
      <Filter>헤더 파일</Filter>
    </ClInclude>
    <ClInclude Include="CtrlSKeyAction.h">
      <Filter>헤더 파일</Filter>
    </ClInclude>
    <ClInclude Include="CtrlVKeyAction.h">
      <Filter>헤더 파일</Filter>
    </ClInclude>
    <ClInclude Include="CtrlXKeyAction.h">
      <Filter>헤더 파일</Filter>
    </ClInclude>
    <ClInclude Include="CtrlYKeyAction.h">
      <Filter>헤더 파일</Filter>
    </ClInclude>
    <ClInclude Include="CtrlZKeyAction.h">
      <Filter>헤더 파일</Filter>
    </ClInclude>
    <ClInclude Include="CutCommand.h">
      <Filter>헤더 파일</Filter>
    </ClInclude>
    <ClInclude Include="DeleteKeyAction.h">
      <Filter>헤더 파일</Filter>
    </ClInclude>
    <ClInclude Include="DeleteKeyActionCommand.h">
      <Filter>헤더 파일</Filter>
    </ClInclude>
    <ClInclude Include="DoubleByteLetter.h">
      <Filter>헤더 파일</Filter>
    </ClInclude>
    <ClInclude Include="DownArrowKeyAction.h">
      <Filter>헤더 파일</Filter>
    </ClInclude>
    <ClInclude Include="DummyRow.h">
      <Filter>헤더 파일</Filter>
    </ClInclude>
    <ClInclude Include="EndKeyAction.h">
      <Filter>헤더 파일</Filter>
    </ClInclude>
    <ClInclude Include="File.h">
      <Filter>헤더 파일</Filter>
    </ClInclude>
    <ClInclude Include="FileCloseAndOpenNewCommand.h">
      <Filter>헤더 파일</Filter>
    </ClInclude>
    <ClInclude Include="FileExitCommand.h">
      <Filter>헤더 파일</Filter>
    </ClInclude>
    <ClInclude Include="FileOpenCommand.h">
      <Filter>헤더 파일</Filter>
    </ClInclude>
    <ClInclude Include="FilePreviewCommand.h">
      <Filter>헤더 파일</Filter>
    </ClInclude>
    <ClInclude Include="FilePrintingCommand.h">
      <Filter>헤더 파일</Filter>
    </ClInclude>
    <ClInclude Include="FileSaveCommand.h">
      <Filter>헤더 파일</Filter>
    </ClInclude>
    <ClInclude Include="FileSaveDifferentNameCommand.h">
      <Filter>헤더 파일</Filter>
    </ClInclude>
    <ClInclude Include="FileSetupCommand.h">
      <Filter>헤더 파일</Filter>
    </ClInclude>
    <ClInclude Include="FindCommand.h">
      <Filter>헤더 파일</Filter>
    </ClInclude>
    <ClInclude Include="FindingDialog.h">
      <Filter>헤더 파일</Filter>
    </ClInclude>
    <ClInclude Include="FirstScrollAction.h">
      <Filter>헤더 파일</Filter>
    </ClInclude>
    <ClInclude Include="Font.h">
      <Filter>헤더 파일</Filter>
    </ClInclude>
    <ClInclude Include="FontChangeCommand.h">
      <Filter>헤더 파일</Filter>
    </ClInclude>
    <ClInclude Include="Glyph.h">
      <Filter>헤더 파일</Filter>
    </ClInclude>
    <ClInclude Include="GlyphCreator.h">
      <Filter>헤더 파일</Filter>
    </ClInclude>
    <ClInclude Include="GlyphFinder.h">
      <Filter>헤더 파일</Filter>
    </ClInclude>
    <ClInclude Include="GlyphVisitor.h">
      <Filter>헤더 파일</Filter>
    </ClInclude>
    <ClInclude Include="HomeKeyAction.h">
      <Filter>헤더 파일</Filter>
    </ClInclude>
    <ClInclude Include="HorizontalScroll.h">
      <Filter>헤더 파일</Filter>
    </ClInclude>
    <ClInclude Include="KeyAction.h">
      <Filter>헤더 파일</Filter>
    </ClInclude>
    <ClInclude Include="KeyActionCreator.h">
      <Filter>헤더 파일</Filter>
    </ClInclude>
    <ClInclude Include="LastScrollAction.h">
      <Filter>헤더 파일</Filter>
    </ClInclude>
    <ClInclude Include="LeftArrowKeyAction.h">
      <Filter>헤더 파일</Filter>
    </ClInclude>
    <ClInclude Include="Letter.h">
      <Filter>헤더 파일</Filter>
    </ClInclude>
    <ClInclude Include="NextScrollAction.h">
      <Filter>헤더 파일</Filter>
    </ClInclude>
    <ClInclude Include="Note.h">
      <Filter>헤더 파일</Filter>
    </ClInclude>
    <ClInclude Include="NotepadApp.h">
      <Filter>헤더 파일</Filter>
    </ClInclude>
    <ClInclude Include="NotepadForm.h">
      <Filter>헤더 파일</Filter>
    </ClInclude>
    <ClInclude Include="Observer.h">
      <Filter>헤더 파일</Filter>
    </ClInclude>
    <ClInclude Include="OnCharCommand.h">
      <Filter>헤더 파일</Filter>
    </ClInclude>
    <ClInclude Include="OnImeCharCommand.h">
      <Filter>헤더 파일</Filter>
    </ClInclude>
    <ClInclude Include="OnReplaceAllButtonClickedCommand.h">
      <Filter>헤더 파일</Filter>
    </ClInclude>
    <ClInclude Include="OnReplaceButtonClickedCommand.h">
      <Filter>헤더 파일</Filter>
    </ClInclude>
    <ClInclude Include="PageDownKeyAction.h">
      <Filter>헤더 파일</Filter>
    </ClInclude>
    <ClInclude Include="PageMoveController.h">
      <Filter>헤더 파일</Filter>
    </ClInclude>
    <ClInclude Include="PageNextScrollAction.h">
      <Filter>헤더 파일</Filter>
    </ClInclude>
    <ClInclude Include="PagePreviousScrollAction.h">
      <Filter>헤더 파일</Filter>
    </ClInclude>
    <ClInclude Include="PageSetUpDialog.h">
      <Filter>헤더 파일</Filter>
    </ClInclude>
    <ClInclude Include="PageSetUpInformation.h">
      <Filter>헤더 파일</Filter>
    </ClInclude>
    <ClInclude Include="PageUpKeyAction.h">
      <Filter>헤더 파일</Filter>
    </ClInclude>
    <ClInclude Include="PasteCommand.h">
      <Filter>헤더 파일</Filter>
    </ClInclude>
    <ClInclude Include="PreviewForm.h">
      <Filter>헤더 파일</Filter>
    </ClInclude>
    <ClInclude Include="PreviewVisitor.h">
      <Filter>헤더 파일</Filter>
    </ClInclude>
    <ClInclude Include="PreviousScrollAction.h">
      <Filter>헤더 파일</Filter>
    </ClInclude>
    <ClInclude Include="PrintInformation.h">
      <Filter>헤더 파일</Filter>
    </ClInclude>
    <ClInclude Include="PrintingDialog.h">
      <Filter>헤더 파일</Filter>
    </ClInclude>
    <ClInclude Include="PrintingVisitor.h">
      <Filter>헤더 파일</Filter>
    </ClInclude>
    <ClInclude Include="RedoCommand.h">
      <Filter>헤더 파일</Filter>
    </ClInclude>
    <ClInclude Include="RemoveCommand.h">
      <Filter>헤더 파일</Filter>
    </ClInclude>
    <ClInclude Include="ReplaceCommand.h">
      <Filter>헤더 파일</Filter>
    </ClInclude>
    <ClInclude Include="ReplacingDialog.h">
      <Filter>헤더 파일</Filter>
    </ClInclude>
    <ClInclude Include="resource.h">
      <Filter>헤더 파일</Filter>
    </ClInclude>
    <ClInclude Include="RightArrowKeyAction.h">
      <Filter>헤더 파일</Filter>
    </ClInclude>
    <ClInclude Include="Row.h">
      <Filter>헤더 파일</Filter>
    </ClInclude>
    <ClInclude Include="RowAutoChange.h">
      <Filter>헤더 파일</Filter>
    </ClInclude>
    <ClInclude Include="RowAutoChangeCommand.h">
      <Filter>헤더 파일</Filter>
    </ClInclude>
    <ClInclude Include="Scroll.h">
      <Filter>헤더 파일</Filter>
    </ClInclude>
    <ClInclude Include="ScrollAction.h">
      <Filter>헤더 파일</Filter>
    </ClInclude>
    <ClInclude Include="ScrollActionCreator.h">
      <Filter>헤더 파일</Filter>
    </ClInclude>
    <ClInclude Include="ScrollController.h">
      <Filter>헤더 파일</Filter>
    </ClInclude>
    <ClInclude Include="SelectAllCommand.h">
      <Filter>헤더 파일</Filter>
    </ClInclude>
    <ClInclude Include="SelectingTexts.h">
      <Filter>헤더 파일</Filter>
    </ClInclude>
    <ClInclude Include="SelectingVisitor.h">
      <Filter>헤더 파일</Filter>
    </ClInclude>
    <ClInclude Include="ShiftCtrlBackSpaceKeyAction.h">
      <Filter>헤더 파일</Filter>
    </ClInclude>
    <ClInclude Include="ShiftCtrlBackSpaceKeyActionCommand.h">
      <Filter>헤더 파일</Filter>
    </ClInclude>
    <ClInclude Include="ShiftCtrlDeleteKeyAction.h">
      <Filter>헤더 파일</Filter>
    </ClInclude>
    <ClInclude Include="ShiftCtrlDeleteKeyActionCommand.h">
      <Filter>헤더 파일</Filter>
    </ClInclude>
    <ClInclude Include="ShiftCtrlEndKeyAction.h">
      <Filter>헤더 파일</Filter>
    </ClInclude>
    <ClInclude Include="ShiftCtrlHomeKeyAction.h">
      <Filter>헤더 파일</Filter>
    </ClInclude>
    <ClInclude Include="ShiftCtrlLeftArrowKeyAction.h">
      <Filter>헤더 파일</Filter>
    </ClInclude>
    <ClInclude Include="ShiftCtrlRightArrowKeyAction.h">
      <Filter>헤더 파일</Filter>
    </ClInclude>
    <ClInclude Include="ShiftDownArrowKeyAction.h">
      <Filter>헤더 파일</Filter>
    </ClInclude>
    <ClInclude Include="ShiftEndKeyAction.h">
      <Filter>헤더 파일</Filter>
    </ClInclude>
    <ClInclude Include="ShiftHomeKeyAction.h">
      <Filter>헤더 파일</Filter>
    </ClInclude>
    <ClInclude Include="ShiftLeftArrowKeyAction.h">
      <Filter>헤더 파일</Filter>
    </ClInclude>
    <ClInclude Include="ShiftPageDownKeyAction.h">
      <Filter>헤더 파일</Filter>
    </ClInclude>
    <ClInclude Include="ShiftPageUpKeyAction.h">
      <Filter>헤더 파일</Filter>
    </ClInclude>
    <ClInclude Include="ShiftRightArrowKeyAction.h">
      <Filter>헤더 파일</Filter>
    </ClInclude>
    <ClInclude Include="ShiftUpArrowKeyAction.h">
      <Filter>헤더 파일</Filter>
    </ClInclude>
    <ClInclude Include="SingleByteLetter.h">
      <Filter>헤더 파일</Filter>
    </ClInclude>
    <ClInclude Include="Stack.h">
      <Filter>헤더 파일</Filter>
    </ClInclude>
    <ClInclude Include="Subject.h">
      <Filter>헤더 파일</Filter>
    </ClInclude>
    <ClInclude Include="TextExtent.h">
      <Filter>헤더 파일</Filter>
    </ClInclude>
    <ClInclude Include="TextingOutVisitor.h">
      <Filter>헤더 파일</Filter>
    </ClInclude>
    <ClInclude Include="ThumbPositionScrollAction.h">
      <Filter>헤더 파일</Filter>
    </ClInclude>
    <ClInclude Include="UndoCommand.h">
      <Filter>헤더 파일</Filter>
    </ClInclude>
    <ClInclude Include="UpArrowKeyAction.h">
      <Filter>헤더 파일</Filter>
    </ClInclude>
    <ClInclude Include="VerticalScroll.h">
      <Filter>헤더 파일</Filter>
    </ClInclude>
  </ItemGroup>
  <ItemGroup>
    <ClCompile Include="BackSpaceKeyAction.cpp">
      <Filter>소스 파일</Filter>
    </ClCompile>
    <ClCompile Include="BackSpaceKeyActionCommand.cpp">
      <Filter>소스 파일</Filter>
    </ClCompile>
    <ClCompile Include="Caret.cpp">
      <Filter>소스 파일</Filter>
    </ClCompile>
    <ClCompile Include="CaretController.cpp">
      <Filter>소스 파일</Filter>
    </ClCompile>
    <ClCompile Include="Clipboard.cpp">
      <Filter>소스 파일</Filter>
    </ClCompile>
    <ClCompile Include="Command.cpp">
      <Filter>소스 파일</Filter>
    </ClCompile>
    <ClCompile Include="CommandCreator.cpp">
      <Filter>소스 파일</Filter>
    </ClCompile>
    <ClCompile Include="CommandHistory.cpp">
      <Filter>소스 파일</Filter>
    </ClCompile>
    <ClCompile Include="Composite.cpp">
      <Filter>소스 파일</Filter>
    </ClCompile>
    <ClCompile Include="CopyCommand.cpp">
      <Filter>소스 파일</Filter>
    </ClCompile>
    <ClCompile Include="CtrlAKeyAction.cpp">
      <Filter>소스 파일</Filter>
    </ClCompile>
    <ClCompile Include="CtrlBackSpaceKeyAction.cpp">
      <Filter>소스 파일</Filter>
    </ClCompile>
    <ClCompile Include="CtrlBackSpaceKeyActionCommand.cpp">
      <Filter>소스 파일</Filter>
    </ClCompile>
    <ClCompile Include="CtrlCKeyAction.cpp">
      <Filter>소스 파일</Filter>
    </ClCompile>
    <ClCompile Include="CtrlDeleteKeyAction.cpp">
      <Filter>소스 파일</Filter>
    </ClCompile>
    <ClCompile Include="CtrlDeleteKeyActionCommand.cpp">
      <Filter>소스 파일</Filter>
    </ClCompile>
    <ClCompile Include="CtrlEndKeyAction.cpp">
      <Filter>소스 파일</Filter>
    </ClCompile>
    <ClCompile Include="CtrlFKeyAction.cpp">
      <Filter>소스 파일</Filter>
    </ClCompile>
    <ClCompile Include="CtrlHKeyAction.cpp">
      <Filter>소스 파일</Filter>
    </ClCompile>
    <ClCompile Include="CtrlHomeKeyAction.cpp">
      <Filter>소스 파일</Filter>
    </ClCompile>
    <ClCompile Include="CtrlLeftArrowKeyAction.cpp">
      <Filter>소스 파일</Filter>
    </ClCompile>
    <ClCompile Include="CtrlOKeyAction.cpp">
      <Filter>소스 파일</Filter>
    </ClCompile>
    <ClCompile Include="CtrlPKeyAction.cpp">
      <Filter>소스 파일</Filter>
    </ClCompile>
    <ClCompile Include="CtrlRightArrowKeyAction.cpp">
      <Filter>소스 파일</Filter>
    </ClCompile>
    <ClCompile Include="CtrlShiftSKeyAction.cpp">
      <Filter>소스 파일</Filter>
    </ClCompile>
    <ClCompile Include="CtrlSKeyAction.cpp">
      <Filter>소스 파일</Filter>
    </ClCompile>
    <ClCompile Include="CtrlVKeyAction.cpp">
      <Filter>소스 파일</Filter>
    </ClCompile>
    <ClCompile Include="CtrlXKeyAction.cpp">
      <Filter>소스 파일</Filter>
    </ClCompile>
    <ClCompile Include="CtrlYKeyAction.cpp">
      <Filter>소스 파일</Filter>
    </ClCompile>
    <ClCompile Include="CtrlZKeyAction.cpp">
      <Filter>소스 파일</Filter>
    </ClCompile>
    <ClCompile Include="CutCommand.cpp">
      <Filter>소스 파일</Filter>
    </ClCompile>
    <ClCompile Include="DeleteKeyAction.cpp">
      <Filter>소스 파일</Filter>
    </ClCompile>
    <ClCompile Include="DeleteKeyActionCommand.cpp">
      <Filter>소스 파일</Filter>
    </ClCompile>
    <ClCompile Include="DoubleByteLetter.cpp">
      <Filter>소스 파일</Filter>
    </ClCompile>
    <ClCompile Include="DownArrowKeyAction.cpp">
      <Filter>소스 파일</Filter>
    </ClCompile>
    <ClCompile Include="DummyRow.cpp">
      <Filter>소스 파일</Filter>
    </ClCompile>
    <ClCompile Include="EndKeyAction.cpp">
      <Filter>소스 파일</Filter>
    </ClCompile>
    <ClCompile Include="File.cpp">
      <Filter>소스 파일</Filter>
    </ClCompile>
    <ClCompile Include="FileCloseAndOpenNewCommand.cpp">
      <Filter>소스 파일</Filter>
    </ClCompile>
    <ClCompile Include="FileExitCommand.cpp">
      <Filter>소스 파일</Filter>
    </ClCompile>
    <ClCompile Include="FileOpenCommand.cpp">
      <Filter>소스 파일</Filter>
    </ClCompile>
    <ClCompile Include="FilePreviewCommand.cpp">
      <Filter>소스 파일</Filter>
    </ClCompile>
    <ClCompile Include="FilePrintingCommand.cpp">
      <Filter>소스 파일</Filter>
    </ClCompile>
    <ClCompile Include="FileSaveCommand.cpp">
      <Filter>소스 파일</Filter>
    </ClCompile>
    <ClCompile Include="FileSaveDifferentNameCommand.cpp">
      <Filter>소스 파일</Filter>
    </ClCompile>
    <ClCompile Include="FileSetupCommand.cpp">
      <Filter>소스 파일</Filter>
    </ClCompile>
    <ClCompile Include="FindCommand.cpp">
      <Filter>소스 파일</Filter>
    </ClCompile>
    <ClCompile Include="FindingDialog.cpp">
      <Filter>소스 파일</Filter>
    </ClCompile>
    <ClCompile Include="FirstScrollAction.cpp">
      <Filter>소스 파일</Filter>
    </ClCompile>
    <ClCompile Include="Font.cpp">
      <Filter>소스 파일</Filter>
    </ClCompile>
    <ClCompile Include="FontChangeCommand.cpp">
      <Filter>소스 파일</Filter>
    </ClCompile>
    <ClCompile Include="Glyph.cpp">
      <Filter>소스 파일</Filter>
    </ClCompile>
    <ClCompile Include="GlyphCreator.cpp">
      <Filter>소스 파일</Filter>
    </ClCompile>
    <ClCompile Include="GlyphFinder.cpp">
      <Filter>소스 파일</Filter>
    </ClCompile>
    <ClCompile Include="GlyphVisitor.cpp">
      <Filter>소스 파일</Filter>
    </ClCompile>
    <ClCompile Include="HomeKeyAction.cpp">
      <Filter>소스 파일</Filter>
    </ClCompile>
    <ClCompile Include="HorizontalScroll.cpp">
      <Filter>소스 파일</Filter>
    </ClCompile>
    <ClCompile Include="KeyAction.cpp">
      <Filter>소스 파일</Filter>
    </ClCompile>
    <ClCompile Include="KeyActionCreator.cpp">
      <Filter>소스 파일</Filter>
    </ClCompile>
    <ClCompile Include="LastScrollAction.cpp">
      <Filter>소스 파일</Filter>
    </ClCompile>
    <ClCompile Include="LeftArrowKeyAction.cpp">
      <Filter>소스 파일</Filter>
    </ClCompile>
    <ClCompile Include="Letter.cpp">
      <Filter>소스 파일</Filter>
    </ClCompile>
    <ClCompile Include="NextScrollAction.cpp">
      <Filter>소스 파일</Filter>
    </ClCompile>
    <ClCompile Include="Note.cpp">
      <Filter>소스 파일</Filter>
    </ClCompile>
    <ClCompile Include="NotePadApp.cpp">
      <Filter>소스 파일</Filter>
    </ClCompile>
    <ClCompile Include="NotePadForm.cpp">
      <Filter>소스 파일</Filter>
    </ClCompile>
    <ClCompile Include="Observer.cpp">
      <Filter>소스 파일</Filter>
    </ClCompile>
    <ClCompile Include="OnCharCommand.cpp">
      <Filter>소스 파일</Filter>
    </ClCompile>
    <ClCompile Include="OnImeCharCommand.cpp">
      <Filter>소스 파일</Filter>
    </ClCompile>
    <ClCompile Include="OnReplaceAllButtonClickedCommand.cpp">
      <Filter>소스 파일</Filter>
    </ClCompile>
    <ClCompile Include="OnReplaceButtonClickedCommand.cpp">
      <Filter>소스 파일</Filter>
    </ClCompile>
    <ClCompile Include="PageDownKeyAction.cpp">
      <Filter>소스 파일</Filter>
    </ClCompile>
    <ClCompile Include="PageMoveController.cpp">
      <Filter>소스 파일</Filter>
    </ClCompile>
    <ClCompile Include="PageNextScrollAction.cpp">
      <Filter>소스 파일</Filter>
    </ClCompile>
    <ClCompile Include="PagePreviousScrollAction.cpp">
      <Filter>소스 파일</Filter>
    </ClCompile>
    <ClCompile Include="PageSetUpDialog.cpp">
      <Filter>소스 파일</Filter>
    </ClCompile>
    <ClCompile Include="PageSetUpInformation.cpp">
      <Filter>소스 파일</Filter>
    </ClCompile>
    <ClCompile Include="PageUpKeyAction.cpp">
      <Filter>소스 파일</Filter>
    </ClCompile>
    <ClCompile Include="PasteCommand.cpp">
      <Filter>소스 파일</Filter>
    </ClCompile>
    <ClCompile Include="PreivewForm.cpp">
      <Filter>소스 파일</Filter>
    </ClCompile>
    <ClCompile Include="PreviewVisitor.cpp">
      <Filter>소스 파일</Filter>
    </ClCompile>
    <ClCompile Include="PreviousScrollAction.cpp">
      <Filter>소스 파일</Filter>
    </ClCompile>
    <ClCompile Include="PrintInformation.cpp">
      <Filter>소스 파일</Filter>
    </ClCompile>
    <ClCompile Include="PrintingVisitor.cpp">
      <Filter>소스 파일</Filter>
    </ClCompile>
    <ClCompile Include="RedoCommand.cpp">
      <Filter>소스 파일</Filter>
    </ClCompile>
    <ClCompile Include="RemoveCommand.cpp">
      <Filter>소스 파일</Filter>
    </ClCompile>
    <ClCompile Include="ReplaceCommand.cpp">
      <Filter>소스 파일</Filter>
    </ClCompile>
    <ClCompile Include="ReplacingDialog.cpp">
      <Filter>소스 파일</Filter>
    </ClCompile>
    <ClCompile Include="RightArrowKeyAction.cpp">
      <Filter>소스 파일</Filter>
    </ClCompile>
    <ClCompile Include="Row.cpp">
      <Filter>소스 파일</Filter>
    </ClCompile>
    <ClCompile Include="RowAutoChange.cpp">
      <Filter>소스 파일</Filter>
    </ClCompile>
    <ClCompile Include="RowAutoChangeCommand.cpp">
      <Filter>소스 파일</Filter>
    </ClCompile>
    <ClCompile Include="Scroll.cpp">
      <Filter>소스 파일</Filter>
    </ClCompile>
    <ClCompile Include="ScrollAction.cpp">
      <Filter>소스 파일</Filter>
    </ClCompile>
    <ClCompile Include="ScrollActionCreator.cpp">
      <Filter>소스 파일</Filter>
    </ClCompile>
    <ClCompile Include="ScrollController.cpp">
      <Filter>소스 파일</Filter>
    </ClCompile>
    <ClCompile Include="SelectAllCommand.cpp">
      <Filter>소스 파일</Filter>
    </ClCompile>
    <ClCompile Include="SelectingTexts.cpp">
      <Filter>소스 파일</Filter>
    </ClCompile>
    <ClCompile Include="SelectingVisitor.cpp">
      <Filter>소스 파일</Filter>
    </ClCompile>
    <ClCompile Include="ShiftCtrlBackSpaceKeyAction.cpp">
      <Filter>소스 파일</Filter>
    </ClCompile>
    <ClCompile Include="ShiftCtrlBackSpaceKeyActionCommand.cpp">
      <Filter>소스 파일</Filter>
    </ClCompile>
    <ClCompile Include="ShiftCtrlDeleteKeyAction.cpp">
      <Filter>소스 파일</Filter>
    </ClCompile>
    <ClCompile Include="ShiftCtrlDeleteKeyActionCommand.cpp">
      <Filter>소스 파일</Filter>
    </ClCompile>
    <ClCompile Include="ShiftCtrlEndKeyAction.cpp">
      <Filter>소스 파일</Filter>
    </ClCompile>
    <ClCompile Include="ShiftCtrlHomeKeyAction.cpp">
      <Filter>소스 파일</Filter>
    </ClCompile>
    <ClCompile Include="ShiftCtrlLeftArrowKeyAction.cpp">
      <Filter>소스 파일</Filter>
    </ClCompile>
    <ClCompile Include="ShiftCtrlRightArrowKeyAction.cpp">
      <Filter>소스 파일</Filter>
    </ClCompile>
    <ClCompile Include="ShiftDownArrowKeyAction.cpp">
      <Filter>소스 파일</Filter>
    </ClCompile>
    <ClCompile Include="ShiftEndKeyAction.cpp">
      <Filter>소스 파일</Filter>
    </ClCompile>
    <ClCompile Include="ShiftHomeKeyAction.cpp">
      <Filter>소스 파일</Filter>
    </ClCompile>
    <ClCompile Include="ShiftLeftArrowKeyAction.cpp">
      <Filter>소스 파일</Filter>
    </ClCompile>
    <ClCompile Include="ShiftPageDownKeyAction.cpp">
      <Filter>소스 파일</Filter>
    </ClCompile>
    <ClCompile Include="ShiftPageUpKeyAction.cpp">
      <Filter>소스 파일</Filter>
    </ClCompile>
    <ClCompile Include="ShiftRightArrowKeyAction.cpp">
      <Filter>소스 파일</Filter>
    </ClCompile>
    <ClCompile Include="ShiftUpArrowKeyAction.cpp">
      <Filter>소스 파일</Filter>
    </ClCompile>
    <ClCompile Include="SingleByteLetter.cpp">
      <Filter>소스 파일</Filter>
    </ClCompile>
    <ClCompile Include="Subject.cpp">
      <Filter>소스 파일</Filter>
    </ClCompile>
    <ClCompile Include="TextExtent.cpp">
      <Filter>소스 파일</Filter>
    </ClCompile>
    <ClCompile Include="TextingOutVisitor.cpp">
      <Filter>소스 파일</Filter>
    </ClCompile>
    <ClCompile Include="ThumbPositionScrollAction.cpp">
      <Filter>소스 파일</Filter>
    </ClCompile>
    <ClCompile Include="UndoCommand.cpp">
      <Filter>소스 파일</Filter>
    </ClCompile>
    <ClCompile Include="UpArrowKeyAction.cpp">
      <Filter>소스 파일</Filter>
    </ClCompile>
    <ClCompile Include="VerticalScroll.cpp">
      <Filter>소스 파일</Filter>
    </ClCompile>
  </ItemGroup>
  <ItemGroup>
    <None Include="Notepad20210203+Menu.aps" />
  </ItemGroup>
  <ItemGroup>
    <ResourceCompile Include="Notepad20210203+Menu.rc">
      <Filter>리소스 파일</Filter>
    </ResourceCompile>
  </ItemGroup>
  <ItemGroup>
    <Text Include="test.txt" />
  </ItemGroup>
  <ItemGroup>
    <Image Include="Notepad.ico">
      <Filter>리소스 파일</Filter>
    </Image>
  </ItemGroup>
</Project>